
Microsoft Visual Studio Solution File, Format Version 12.00
# Visual Studio Version 17
VisualStudioVersion = 17.8.34511.84
MinimumVisualStudioVersion = 10.0.40219.1
Project("{FAE04EC0-301F-11D3-BF4B-00C04F79EFBC}") = "LSP_Principle_1", "LSP_Principle_1.csproj", "{B15CB081-7F72-4FCA-9CBE-054679463155}"
EndProject
Project("{FAE04EC0-301F-11D3-BF4B-00C04F79EFBC}") = "LSP_Principle2", "..\LSP_Principle2\LSP_Principle2.csproj", "{DCAFFD9D-3924-4D9D-A190-326441B15709}"
EndProject
Project("{FAE04EC0-301F-11D3-BF4B-00C04F79EFBC}") = "LSP_Principle3", "..\LSP_Principle3\LSP_Principle3.csproj", "{A77E839A-0335-4E54-A9BF-EB07D15BEF39}"
EndProject
Global
	GlobalSection(SolutionConfigurationPlatforms) = preSolution
		Debug|Any CPU = Debug|Any CPU
		Release|Any CPU = Release|Any CPU
	EndGlobalSection
	GlobalSection(ProjectConfigurationPlatforms) = postSolution
		{B15CB081-7F72-4FCA-9CBE-054679463155}.Debug|Any CPU.ActiveCfg = Debug|Any CPU
		{B15CB081-7F72-4FCA-9CBE-054679463155}.Debug|Any CPU.Build.0 = Debug|Any CPU
		{B15CB081-7F72-4FCA-9CBE-054679463155}.Release|Any CPU.ActiveCfg = Release|Any CPU
		{B15CB081-7F72-4FCA-9CBE-054679463155}.Release|Any CPU.Build.0 = Release|Any CPU
		{DCAFFD9D-3924-4D9D-A190-326441B15709}.Debug|Any CPU.ActiveCfg = Debug|Any CPU
		{DCAFFD9D-3924-4D9D-A190-326441B15709}.Debug|Any CPU.Build.0 = Debug|Any CPU
		{DCAFFD9D-3924-4D9D-A190-326441B15709}.Release|Any CPU.ActiveCfg = Release|Any CPU
		{DCAFFD9D-3924-4D9D-A190-326441B15709}.Release|Any CPU.Build.0 = Release|Any CPU
		{A77E839A-0335-4E54-A9BF-EB07D15BEF39}.Debug|Any CPU.ActiveCfg = Debug|Any CPU
		{A77E839A-0335-4E54-A9BF-EB07D15BEF39}.Debug|Any CPU.Build.0 = Debug|Any CPU
		{A77E839A-0335-4E54-A9BF-EB07D15BEF39}.Release|Any CPU.ActiveCfg = Release|Any CPU
		{A77E839A-0335-4E54-A9BF-EB07D15BEF39}.Release|Any CPU.Build.0 = Release|Any CPU
	EndGlobalSection
	GlobalSection(SolutionProperties) = preSolution
		HideSolutionNode = FALSE
	EndGlobalSection
	GlobalSection(ExtensibilityGlobals) = postSolution
		SolutionGuid = {7ECD230F-F053-4B4E-9E36-66301F7C5EF8}
	EndGlobalSection
EndGlobal
