
Microsoft Visual Studio Solution File, Format Version 12.00
# Visual Studio Version 17
VisualStudioVersion = 17.8.34511.84
MinimumVisualStudioVersion = 10.0.40219.1
Project("{9A19103F-16F7-4668-BE54-9A1E7A4F7556}") = "Open_Close_Principle_Extensions_Methods", "Open_Close_Principle_Extensions_Methods.csproj", "{9B3DB8D0-B86D-4F02-98E5-4908C518D8E6}"
EndProject
Project("{FAE04EC0-301F-11D3-BF4B-00C04F79EFBC}") = "OCP_Principle", "..\OCP_Principle\OCP_Principle.csproj", "{C369A8FE-52EE-4735-BC6D-C30B6EB3E6CD}"
EndProject
Global
	GlobalSection(SolutionConfigurationPlatforms) = preSolution
		Debug|Any CPU = Debug|Any CPU
		Release|Any CPU = Release|Any CPU
	EndGlobalSection
	GlobalSection(ProjectConfigurationPlatforms) = postSolution
		{9B3DB8D0-B86D-4F02-98E5-4908C518D8E6}.Debug|Any CPU.ActiveCfg = Debug|Any CPU
		{9B3DB8D0-B86D-4F02-98E5-4908C518D8E6}.Debug|Any CPU.Build.0 = Debug|Any CPU
		{9B3DB8D0-B86D-4F02-98E5-4908C518D8E6}.Release|Any CPU.ActiveCfg = Release|Any CPU
		{9B3DB8D0-B86D-4F02-98E5-4908C518D8E6}.Release|Any CPU.Build.0 = Release|Any CPU
		{C369A8FE-52EE-4735-BC6D-C30B6EB3E6CD}.Debug|Any CPU.ActiveCfg = Debug|Any CPU
		{C369A8FE-52EE-4735-BC6D-C30B6EB3E6CD}.Debug|Any CPU.Build.0 = Debug|Any CPU
		{C369A8FE-52EE-4735-BC6D-C30B6EB3E6CD}.Release|Any CPU.ActiveCfg = Release|Any CPU
		{C369A8FE-52EE-4735-BC6D-C30B6EB3E6CD}.Release|Any CPU.Build.0 = Release|Any CPU
	EndGlobalSection
	GlobalSection(SolutionProperties) = preSolution
		HideSolutionNode = FALSE
	EndGlobalSection
	GlobalSection(ExtensibilityGlobals) = postSolution
		SolutionGuid = {1CD3815F-0847-45F0-A484-ED74323F05B1}
	EndGlobalSection
EndGlobal
